
Microsoft Visual Studio Solution File, Format Version 12.00
# Visual Studio Version 17
VisualStudioVersion = 17.4.33205.214
MinimumVisualStudioVersion = 10.0.40219.1
Project("{9A19103F-16F7-4668-BE54-9A1E7A4F7556}") = "SimpleFactory", "FactoryDesingPattern\SimpleFactory.csproj", "{44547690-0948-41D3-9231-EFD71FD908B0}"
EndProject
Project("{9A19103F-16F7-4668-BE54-9A1E7A4F7556}") = "FactoryParttern", "FactoryParttern\FactoryParttern.csproj", "{03F3B03A-FE8E-4250-86BF-D74E0F3B84A2}"
EndProject
Project("{FAE04EC0-301F-11D3-BF4B-00C04F79EFBC}") = "AbstracFactoryPattern", "AbstracFactoryPattern\AbstracFactoryPattern.csproj", "{B2106F05-A09C-400C-AC58-55CB4CE0BFCD}"
EndProject
Project("{FAE04EC0-301F-11D3-BF4B-00C04F79EFBC}") = "BuilderPattern", "BuilderPattern\BuilderPattern.csproj", "{0D922F45-24F6-47D9-8AAD-23608FD17567}"
EndProject
Project("{2150E333-8FDC-42A3-9474-1A3956D46DE8}") = "01_Factory", "01_Factory", "{FEE72DB1-D889-463D-9718-FB248D448C7A}"
EndProject
Project("{2150E333-8FDC-42A3-9474-1A3956D46DE8}") = "02_Builder", "02_Builder", "{4A4ACD89-D457-4169-AC6B-B29CC793B9F0}"
EndProject
Global
	GlobalSection(SolutionConfigurationPlatforms) = preSolution
		Debug|Any CPU = Debug|Any CPU
		Release|Any CPU = Release|Any CPU
	EndGlobalSection
	GlobalSection(ProjectConfigurationPlatforms) = postSolution
		{44547690-0948-41D3-9231-EFD71FD908B0}.Debug|Any CPU.ActiveCfg = Debug|Any CPU
		{44547690-0948-41D3-9231-EFD71FD908B0}.Debug|Any CPU.Build.0 = Debug|Any CPU
		{44547690-0948-41D3-9231-EFD71FD908B0}.Release|Any CPU.ActiveCfg = Release|Any CPU
		{44547690-0948-41D3-9231-EFD71FD908B0}.Release|Any CPU.Build.0 = Release|Any CPU
		{03F3B03A-FE8E-4250-86BF-D74E0F3B84A2}.Debug|Any CPU.ActiveCfg = Debug|Any CPU
		{03F3B03A-FE8E-4250-86BF-D74E0F3B84A2}.Debug|Any CPU.Build.0 = Debug|Any CPU
		{03F3B03A-FE8E-4250-86BF-D74E0F3B84A2}.Release|Any CPU.ActiveCfg = Release|Any CPU
		{03F3B03A-FE8E-4250-86BF-D74E0F3B84A2}.Release|Any CPU.Build.0 = Release|Any CPU
		{B2106F05-A09C-400C-AC58-55CB4CE0BFCD}.Debug|Any CPU.ActiveCfg = Debug|Any CPU
		{B2106F05-A09C-400C-AC58-55CB4CE0BFCD}.Debug|Any CPU.Build.0 = Debug|Any CPU
		{B2106F05-A09C-400C-AC58-55CB4CE0BFCD}.Release|Any CPU.ActiveCfg = Release|Any CPU
		{B2106F05-A09C-400C-AC58-55CB4CE0BFCD}.Release|Any CPU.Build.0 = Release|Any CPU
		{0D922F45-24F6-47D9-8AAD-23608FD17567}.Debug|Any CPU.ActiveCfg = Debug|Any CPU
		{0D922F45-24F6-47D9-8AAD-23608FD17567}.Debug|Any CPU.Build.0 = Debug|Any CPU
		{0D922F45-24F6-47D9-8AAD-23608FD17567}.Release|Any CPU.ActiveCfg = Release|Any CPU
		{0D922F45-24F6-47D9-8AAD-23608FD17567}.Release|Any CPU.Build.0 = Release|Any CPU
	EndGlobalSection
	GlobalSection(SolutionProperties) = preSolution
		HideSolutionNode = FALSE
	EndGlobalSection
	GlobalSection(NestedProjects) = preSolution
		{44547690-0948-41D3-9231-EFD71FD908B0} = {FEE72DB1-D889-463D-9718-FB248D448C7A}
		{03F3B03A-FE8E-4250-86BF-D74E0F3B84A2} = {FEE72DB1-D889-463D-9718-FB248D448C7A}
		{B2106F05-A09C-400C-AC58-55CB4CE0BFCD} = {FEE72DB1-D889-463D-9718-FB248D448C7A}
		{0D922F45-24F6-47D9-8AAD-23608FD17567} = {4A4ACD89-D457-4169-AC6B-B29CC793B9F0}
	EndGlobalSection
	GlobalSection(ExtensibilityGlobals) = postSolution
		SolutionGuid = {23E273BA-8E2E-4B62-BDD6-BFBF0CB59902}
	EndGlobalSection
EndGlobal
