
Microsoft Visual Studio Solution File, Format Version 12.00
# Visual Studio Version 17
VisualStudioVersion = 17.4.33205.214
MinimumVisualStudioVersion = 10.0.40219.1
Project("{9A19103F-16F7-4668-BE54-9A1E7A4F7556}") = "SimpleFactory", "FactoryDesingPattern\SimpleFactory.csproj", "{44547690-0948-41D3-9231-EFD71FD908B0}"
EndProject
Project("{9A19103F-16F7-4668-BE54-9A1E7A4F7556}") = "FactoryParttern", "FactoryParttern\FactoryParttern.csproj", "{03F3B03A-FE8E-4250-86BF-D74E0F3B84A2}"
EndProject
Project("{9A19103F-16F7-4668-BE54-9A1E7A4F7556}") = "AbstracFactoryPattern", "AbstracFactoryPattern\AbstracFactoryPattern.csproj", "{B2106F05-A09C-400C-AC58-55CB4CE0BFCD}"
EndProject
Project("{9A19103F-16F7-4668-BE54-9A1E7A4F7556}") = "BuilderPattern", "BuilderPattern\BuilderPattern.csproj", "{0D922F45-24F6-47D9-8AAD-23608FD17567}"
EndProject
Project("{2150E333-8FDC-42A3-9474-1A3956D46DE8}") = "01_Factory", "01_Factory", "{FEE72DB1-D889-463D-9718-FB248D448C7A}"
EndProject
Project("{2150E333-8FDC-42A3-9474-1A3956D46DE8}") = "02_Builder", "02_Builder", "{4A4ACD89-D457-4169-AC6B-B29CC793B9F0}"
EndProject
Project("{2150E333-8FDC-42A3-9474-1A3956D46DE8}") = "03_Prototype", "03_Prototype", "{AD985534-84CC-4844-8C7B-5647516D3E7D}"
EndProject
Project("{9A19103F-16F7-4668-BE54-9A1E7A4F7556}") = "PrototypePattern", "PrototypePattern\PrototypePattern.csproj", "{7EB1561D-9E7E-404B-8C40-C3D25DD6207B}"
EndProject
Project("{2150E333-8FDC-42A3-9474-1A3956D46DE8}") = "04_Singleton", "04_Singleton", "{9D473ED7-A79D-4BBE-B3BD-4A3F6A3E3CEE}"
EndProject
Project("{9A19103F-16F7-4668-BE54-9A1E7A4F7556}") = "SingletonPattern", "SinglertonPattern\SingletonPattern.csproj", "{91758BA5-5EF4-4807-8C47-2B6571D5F5AD}"
EndProject
Project("{2150E333-8FDC-42A3-9474-1A3956D46DE8}") = "Solution Items", "Solution Items", "{DA715931-C7E2-4E88-B061-99D34E616BF3}"
	ProjectSection(SolutionItems) = preProject
		.editorconfig = .editorconfig
	EndProjectSection
EndProject
Project("{2150E333-8FDC-42A3-9474-1A3956D46DE8}") = "05_Adapter", "05_Adapter", "{0D57EA01-FDDF-4176-8857-B777F7404F4B}"
EndProject
Project("{9A19103F-16F7-4668-BE54-9A1E7A4F7556}") = "AdapterPattern", "AdapterPattern\AdapterPattern.csproj", "{7EAFA2C9-A9F6-46DA-9CCB-760BB0CCF2BD}"
EndProject
Project("{2150E333-8FDC-42A3-9474-1A3956D46DE8}") = "06_Bridge", "06_Bridge", "{D1E2D6C0-A255-4318-8B3E-6DE77E2073C7}"
EndProject
Project("{9A19103F-16F7-4668-BE54-9A1E7A4F7556}") = "BridgePattern", "BridgePattern\BridgePattern.csproj", "{2AF4431B-A2D4-42C2-8557-E90FB655C6F9}"
EndProject
Project("{2150E333-8FDC-42A3-9474-1A3956D46DE8}") = "07_Composite", "07_Composite", "{1474E1A4-43E9-495B-BB0D-3B29B3E327C0}"
EndProject
Project("{9A19103F-16F7-4668-BE54-9A1E7A4F7556}") = "CompositePattern", "CompositePattern\CompositePattern.csproj", "{8B155ED7-CDFE-43E0-8C13-2B249090260A}"
EndProject
Project("{2150E333-8FDC-42A3-9474-1A3956D46DE8}") = "08_Decorator", "08_Decorator", "{48229932-DCF7-4B36-AF95-9F42ABDAE83F}"
EndProject
Project("{9A19103F-16F7-4668-BE54-9A1E7A4F7556}") = "DecoratorPattern", "DecoratorPattern\DecoratorPattern.csproj", "{A3836AD4-951B-4F17-A1FC-56C5FE852C3A}"
EndProject
Project("{2150E333-8FDC-42A3-9474-1A3956D46DE8}") = "09_Facade", "09_Facade", "{58B47E26-9A31-48C0-8DA0-62D1839DD83F}"
EndProject
Project("{9A19103F-16F7-4668-BE54-9A1E7A4F7556}") = "FacadePattern", "FacadePattern\FacadePattern.csproj", "{5E70D90B-6790-42C2-A739-10765C21234F}"
EndProject
Project("{2150E333-8FDC-42A3-9474-1A3956D46DE8}") = "10_FlyWeight", "10_FlyWeight", "{6A186E4D-B955-429D-8F66-EFCF8065B7A8}"
EndProject
Project("{9A19103F-16F7-4668-BE54-9A1E7A4F7556}") = "FlyWeightPattern", "FlyWeightPattern\FlyWeightPattern.csproj", "{2E189207-630B-4291-9C93-211A18BD6AA3}"
EndProject
Project("{2150E333-8FDC-42A3-9474-1A3956D46DE8}") = "11_Proxy", "11_Proxy", "{9776FC55-12CD-4079-8C11-966FF7C879E2}"
EndProject
Project("{9A19103F-16F7-4668-BE54-9A1E7A4F7556}") = "ProxyPattern", "ProxyPattern\ProxyPattern.csproj", "{E50D7948-2C99-44B3-9A3F-FEA8A9949404}"
EndProject
Project("{2150E333-8FDC-42A3-9474-1A3956D46DE8}") = "12_Mediator", "12_Mediator", "{51E2088F-90DD-4424-9927-9176AE97469E}"
EndProject
Project("{9A19103F-16F7-4668-BE54-9A1E7A4F7556}") = "MediatorPattern", "MediatorPattern\MediatorPattern.csproj", "{F717ADE6-FA6A-4F0F-8B12-F25831BFA947}"
EndProject
Project("{2150E333-8FDC-42A3-9474-1A3956D46DE8}") = "13_Memento", "13_Memento", "{65586E5B-E90B-46A9-A2C5-89AA5D690206}"
EndProject
Project("{FAE04EC0-301F-11D3-BF4B-00C04F79EFBC}") = "MementoPattern", "MementoPattern\MementoPattern.csproj", "{9287D850-0F24-469A-94BD-4857166322C7}"
EndProject
Project("{2150E333-8FDC-42A3-9474-1A3956D46DE8}") = "14_Interpreter", "14_Interpreter", "{C08484CC-013E-40E2-BBB1-1961C20824E8}"
EndProject
Project("{FAE04EC0-301F-11D3-BF4B-00C04F79EFBC}") = "InterpreterPattern", "InterpreterPattern\InterpreterPattern.csproj", "{ACC3A679-AF8C-4F13-9ACD-765B7FDA5F33}"
EndProject
Project("{2150E333-8FDC-42A3-9474-1A3956D46DE8}") = "15_Iterator", "15_Iterator", "{A3B223A2-D896-4D9E-B872-C8DB32E16D4C}"
EndProject
Project("{FAE04EC0-301F-11D3-BF4B-00C04F79EFBC}") = "InteratorPattern", "InteratorPattern\InteratorPattern.csproj", "{06E520CE-0198-4DDE-90D8-203A486630B7}"
EndProject
Global
	GlobalSection(SolutionConfigurationPlatforms) = preSolution
		Debug|Any CPU = Debug|Any CPU
		Release|Any CPU = Release|Any CPU
	EndGlobalSection
	GlobalSection(ProjectConfigurationPlatforms) = postSolution
		{44547690-0948-41D3-9231-EFD71FD908B0}.Debug|Any CPU.ActiveCfg = Debug|Any CPU
		{44547690-0948-41D3-9231-EFD71FD908B0}.Debug|Any CPU.Build.0 = Debug|Any CPU
		{44547690-0948-41D3-9231-EFD71FD908B0}.Release|Any CPU.ActiveCfg = Release|Any CPU
		{44547690-0948-41D3-9231-EFD71FD908B0}.Release|Any CPU.Build.0 = Release|Any CPU
		{03F3B03A-FE8E-4250-86BF-D74E0F3B84A2}.Debug|Any CPU.ActiveCfg = Debug|Any CPU
		{03F3B03A-FE8E-4250-86BF-D74E0F3B84A2}.Debug|Any CPU.Build.0 = Debug|Any CPU
		{03F3B03A-FE8E-4250-86BF-D74E0F3B84A2}.Release|Any CPU.ActiveCfg = Release|Any CPU
		{03F3B03A-FE8E-4250-86BF-D74E0F3B84A2}.Release|Any CPU.Build.0 = Release|Any CPU
		{B2106F05-A09C-400C-AC58-55CB4CE0BFCD}.Debug|Any CPU.ActiveCfg = Debug|Any CPU
		{B2106F05-A09C-400C-AC58-55CB4CE0BFCD}.Debug|Any CPU.Build.0 = Debug|Any CPU
		{B2106F05-A09C-400C-AC58-55CB4CE0BFCD}.Release|Any CPU.ActiveCfg = Release|Any CPU
		{B2106F05-A09C-400C-AC58-55CB4CE0BFCD}.Release|Any CPU.Build.0 = Release|Any CPU
		{0D922F45-24F6-47D9-8AAD-23608FD17567}.Debug|Any CPU.ActiveCfg = Debug|Any CPU
		{0D922F45-24F6-47D9-8AAD-23608FD17567}.Debug|Any CPU.Build.0 = Debug|Any CPU
		{0D922F45-24F6-47D9-8AAD-23608FD17567}.Release|Any CPU.ActiveCfg = Release|Any CPU
		{0D922F45-24F6-47D9-8AAD-23608FD17567}.Release|Any CPU.Build.0 = Release|Any CPU
		{7EB1561D-9E7E-404B-8C40-C3D25DD6207B}.Debug|Any CPU.ActiveCfg = Debug|Any CPU
		{7EB1561D-9E7E-404B-8C40-C3D25DD6207B}.Debug|Any CPU.Build.0 = Debug|Any CPU
		{7EB1561D-9E7E-404B-8C40-C3D25DD6207B}.Release|Any CPU.ActiveCfg = Release|Any CPU
		{7EB1561D-9E7E-404B-8C40-C3D25DD6207B}.Release|Any CPU.Build.0 = Release|Any CPU
		{91758BA5-5EF4-4807-8C47-2B6571D5F5AD}.Debug|Any CPU.ActiveCfg = Debug|Any CPU
		{91758BA5-5EF4-4807-8C47-2B6571D5F5AD}.Debug|Any CPU.Build.0 = Debug|Any CPU
		{91758BA5-5EF4-4807-8C47-2B6571D5F5AD}.Release|Any CPU.ActiveCfg = Release|Any CPU
		{91758BA5-5EF4-4807-8C47-2B6571D5F5AD}.Release|Any CPU.Build.0 = Release|Any CPU
		{7EAFA2C9-A9F6-46DA-9CCB-760BB0CCF2BD}.Debug|Any CPU.ActiveCfg = Debug|Any CPU
		{7EAFA2C9-A9F6-46DA-9CCB-760BB0CCF2BD}.Debug|Any CPU.Build.0 = Debug|Any CPU
		{7EAFA2C9-A9F6-46DA-9CCB-760BB0CCF2BD}.Release|Any CPU.ActiveCfg = Release|Any CPU
		{7EAFA2C9-A9F6-46DA-9CCB-760BB0CCF2BD}.Release|Any CPU.Build.0 = Release|Any CPU
		{2AF4431B-A2D4-42C2-8557-E90FB655C6F9}.Debug|Any CPU.ActiveCfg = Debug|Any CPU
		{2AF4431B-A2D4-42C2-8557-E90FB655C6F9}.Debug|Any CPU.Build.0 = Debug|Any CPU
		{2AF4431B-A2D4-42C2-8557-E90FB655C6F9}.Release|Any CPU.ActiveCfg = Release|Any CPU
		{2AF4431B-A2D4-42C2-8557-E90FB655C6F9}.Release|Any CPU.Build.0 = Release|Any CPU
		{8B155ED7-CDFE-43E0-8C13-2B249090260A}.Debug|Any CPU.ActiveCfg = Debug|Any CPU
		{8B155ED7-CDFE-43E0-8C13-2B249090260A}.Debug|Any CPU.Build.0 = Debug|Any CPU
		{8B155ED7-CDFE-43E0-8C13-2B249090260A}.Release|Any CPU.ActiveCfg = Release|Any CPU
		{8B155ED7-CDFE-43E0-8C13-2B249090260A}.Release|Any CPU.Build.0 = Release|Any CPU
		{A3836AD4-951B-4F17-A1FC-56C5FE852C3A}.Debug|Any CPU.ActiveCfg = Debug|Any CPU
		{A3836AD4-951B-4F17-A1FC-56C5FE852C3A}.Debug|Any CPU.Build.0 = Debug|Any CPU
		{A3836AD4-951B-4F17-A1FC-56C5FE852C3A}.Release|Any CPU.ActiveCfg = Release|Any CPU
		{A3836AD4-951B-4F17-A1FC-56C5FE852C3A}.Release|Any CPU.Build.0 = Release|Any CPU
		{5E70D90B-6790-42C2-A739-10765C21234F}.Debug|Any CPU.ActiveCfg = Debug|Any CPU
		{5E70D90B-6790-42C2-A739-10765C21234F}.Debug|Any CPU.Build.0 = Debug|Any CPU
		{5E70D90B-6790-42C2-A739-10765C21234F}.Release|Any CPU.ActiveCfg = Release|Any CPU
		{5E70D90B-6790-42C2-A739-10765C21234F}.Release|Any CPU.Build.0 = Release|Any CPU
		{2E189207-630B-4291-9C93-211A18BD6AA3}.Debug|Any CPU.ActiveCfg = Debug|Any CPU
		{2E189207-630B-4291-9C93-211A18BD6AA3}.Debug|Any CPU.Build.0 = Debug|Any CPU
		{2E189207-630B-4291-9C93-211A18BD6AA3}.Release|Any CPU.ActiveCfg = Release|Any CPU
		{2E189207-630B-4291-9C93-211A18BD6AA3}.Release|Any CPU.Build.0 = Release|Any CPU
		{E50D7948-2C99-44B3-9A3F-FEA8A9949404}.Debug|Any CPU.ActiveCfg = Debug|Any CPU
		{E50D7948-2C99-44B3-9A3F-FEA8A9949404}.Debug|Any CPU.Build.0 = Debug|Any CPU
		{E50D7948-2C99-44B3-9A3F-FEA8A9949404}.Release|Any CPU.ActiveCfg = Release|Any CPU
		{E50D7948-2C99-44B3-9A3F-FEA8A9949404}.Release|Any CPU.Build.0 = Release|Any CPU
		{F717ADE6-FA6A-4F0F-8B12-F25831BFA947}.Debug|Any CPU.ActiveCfg = Debug|Any CPU
		{F717ADE6-FA6A-4F0F-8B12-F25831BFA947}.Debug|Any CPU.Build.0 = Debug|Any CPU
		{F717ADE6-FA6A-4F0F-8B12-F25831BFA947}.Release|Any CPU.ActiveCfg = Release|Any CPU
		{F717ADE6-FA6A-4F0F-8B12-F25831BFA947}.Release|Any CPU.Build.0 = Release|Any CPU
		{9287D850-0F24-469A-94BD-4857166322C7}.Debug|Any CPU.ActiveCfg = Debug|Any CPU
		{9287D850-0F24-469A-94BD-4857166322C7}.Debug|Any CPU.Build.0 = Debug|Any CPU
		{9287D850-0F24-469A-94BD-4857166322C7}.Release|Any CPU.ActiveCfg = Release|Any CPU
		{9287D850-0F24-469A-94BD-4857166322C7}.Release|Any CPU.Build.0 = Release|Any CPU
		{ACC3A679-AF8C-4F13-9ACD-765B7FDA5F33}.Debug|Any CPU.ActiveCfg = Debug|Any CPU
		{ACC3A679-AF8C-4F13-9ACD-765B7FDA5F33}.Debug|Any CPU.Build.0 = Debug|Any CPU
		{ACC3A679-AF8C-4F13-9ACD-765B7FDA5F33}.Release|Any CPU.ActiveCfg = Release|Any CPU
		{ACC3A679-AF8C-4F13-9ACD-765B7FDA5F33}.Release|Any CPU.Build.0 = Release|Any CPU
		{06E520CE-0198-4DDE-90D8-203A486630B7}.Debug|Any CPU.ActiveCfg = Debug|Any CPU
		{06E520CE-0198-4DDE-90D8-203A486630B7}.Debug|Any CPU.Build.0 = Debug|Any CPU
		{06E520CE-0198-4DDE-90D8-203A486630B7}.Release|Any CPU.ActiveCfg = Release|Any CPU
		{06E520CE-0198-4DDE-90D8-203A486630B7}.Release|Any CPU.Build.0 = Release|Any CPU
	EndGlobalSection
	GlobalSection(SolutionProperties) = preSolution
		HideSolutionNode = FALSE
	EndGlobalSection
	GlobalSection(NestedProjects) = preSolution
		{44547690-0948-41D3-9231-EFD71FD908B0} = {FEE72DB1-D889-463D-9718-FB248D448C7A}
		{03F3B03A-FE8E-4250-86BF-D74E0F3B84A2} = {FEE72DB1-D889-463D-9718-FB248D448C7A}
		{B2106F05-A09C-400C-AC58-55CB4CE0BFCD} = {FEE72DB1-D889-463D-9718-FB248D448C7A}
		{0D922F45-24F6-47D9-8AAD-23608FD17567} = {4A4ACD89-D457-4169-AC6B-B29CC793B9F0}
		{7EB1561D-9E7E-404B-8C40-C3D25DD6207B} = {AD985534-84CC-4844-8C7B-5647516D3E7D}
		{91758BA5-5EF4-4807-8C47-2B6571D5F5AD} = {9D473ED7-A79D-4BBE-B3BD-4A3F6A3E3CEE}
		{7EAFA2C9-A9F6-46DA-9CCB-760BB0CCF2BD} = {0D57EA01-FDDF-4176-8857-B777F7404F4B}
		{2AF4431B-A2D4-42C2-8557-E90FB655C6F9} = {D1E2D6C0-A255-4318-8B3E-6DE77E2073C7}
		{8B155ED7-CDFE-43E0-8C13-2B249090260A} = {1474E1A4-43E9-495B-BB0D-3B29B3E327C0}
		{A3836AD4-951B-4F17-A1FC-56C5FE852C3A} = {48229932-DCF7-4B36-AF95-9F42ABDAE83F}
		{5E70D90B-6790-42C2-A739-10765C21234F} = {58B47E26-9A31-48C0-8DA0-62D1839DD83F}
		{2E189207-630B-4291-9C93-211A18BD6AA3} = {6A186E4D-B955-429D-8F66-EFCF8065B7A8}
		{E50D7948-2C99-44B3-9A3F-FEA8A9949404} = {9776FC55-12CD-4079-8C11-966FF7C879E2}
		{F717ADE6-FA6A-4F0F-8B12-F25831BFA947} = {51E2088F-90DD-4424-9927-9176AE97469E}
		{9287D850-0F24-469A-94BD-4857166322C7} = {65586E5B-E90B-46A9-A2C5-89AA5D690206}
		{ACC3A679-AF8C-4F13-9ACD-765B7FDA5F33} = {C08484CC-013E-40E2-BBB1-1961C20824E8}
		{06E520CE-0198-4DDE-90D8-203A486630B7} = {A3B223A2-D896-4D9E-B872-C8DB32E16D4C}
	EndGlobalSection
	GlobalSection(ExtensibilityGlobals) = postSolution
		SolutionGuid = {23E273BA-8E2E-4B62-BDD6-BFBF0CB59902}
	EndGlobalSection
EndGlobal
